
Microsoft Visual Studio Solution File, Format Version 11.00
# Visual Studio 2010
Project("{FAE04EC0-301F-11D3-BF4B-00C04F79EFBC}") = "Thor.Net.Tests", "Thor.Net.Tests\Thor.Net.Tests.csproj", "{B486AA22-6105-4BFE-8052-26F3D85B7A47}"
EndProject
Project("{FAE04EC0-301F-11D3-BF4B-00C04F79EFBC}") = "Thor.Net", "Thor.Net\Thor.Net.csproj", "{4532920C-C63A-4E9B-A3B2-41F69B98F93C}"
EndProject
Global
	GlobalSection(SolutionConfigurationPlatforms) = preSolution
		Debug|Any CPU = Debug|Any CPU
		Debug|Mixed Platforms = Debug|Mixed Platforms
		Debug|x86 = Debug|x86
		Release|Any CPU = Release|Any CPU
		Release|Mixed Platforms = Release|Mixed Platforms
		Release|x86 = Release|x86
	EndGlobalSection
	GlobalSection(ProjectConfigurationPlatforms) = postSolution
		{B486AA22-6105-4BFE-8052-26F3D85B7A47}.Debug|Any CPU.ActiveCfg = Debug|Any CPU
		{B486AA22-6105-4BFE-8052-26F3D85B7A47}.Debug|Any CPU.Build.0 = Debug|Any CPU
		{B486AA22-6105-4BFE-8052-26F3D85B7A47}.Debug|Mixed Platforms.ActiveCfg = Debug|Any CPU
		{B486AA22-6105-4BFE-8052-26F3D85B7A47}.Debug|Mixed Platforms.Build.0 = Debug|Any CPU
		{B486AA22-6105-4BFE-8052-26F3D85B7A47}.Debug|x86.ActiveCfg = Debug|Any CPU
		{B486AA22-6105-4BFE-8052-26F3D85B7A47}.Release|Any CPU.ActiveCfg = Release|Any CPU
		{B486AA22-6105-4BFE-8052-26F3D85B7A47}.Release|Any CPU.Build.0 = Release|Any CPU
		{B486AA22-6105-4BFE-8052-26F3D85B7A47}.Release|Mixed Platforms.ActiveCfg = Release|Any CPU
		{B486AA22-6105-4BFE-8052-26F3D85B7A47}.Release|Mixed Platforms.Build.0 = Release|Any CPU
		{B486AA22-6105-4BFE-8052-26F3D85B7A47}.Release|x86.ActiveCfg = Release|Any CPU
		{4532920C-C63A-4E9B-A3B2-41F69B98F93C}.Debug|Any CPU.ActiveCfg = Debug|x86
		{4532920C-C63A-4E9B-A3B2-41F69B98F93C}.Debug|Mixed Platforms.ActiveCfg = Debug|x86
		{4532920C-C63A-4E9B-A3B2-41F69B98F93C}.Debug|Mixed Platforms.Build.0 = Debug|x86
		{4532920C-C63A-4E9B-A3B2-41F69B98F93C}.Debug|x86.ActiveCfg = Debug|x86
		{4532920C-C63A-4E9B-A3B2-41F69B98F93C}.Debug|x86.Build.0 = Debug|x86
		{4532920C-C63A-4E9B-A3B2-41F69B98F93C}.Release|Any CPU.ActiveCfg = Release|x86
		{4532920C-C63A-4E9B-A3B2-41F69B98F93C}.Release|Mixed Platforms.ActiveCfg = Release|x86
		{4532920C-C63A-4E9B-A3B2-41F69B98F93C}.Release|Mixed Platforms.Build.0 = Release|x86
		{4532920C-C63A-4E9B-A3B2-41F69B98F93C}.Release|x86.ActiveCfg = Release|x86
		{4532920C-C63A-4E9B-A3B2-41F69B98F93C}.Release|x86.Build.0 = Release|x86
	EndGlobalSection
	GlobalSection(SolutionProperties) = preSolution
		HideSolutionNode = FALSE
	EndGlobalSection
EndGlobal
