
Microsoft Visual Studio Solution File, Format Version 12.00
# Visual Studio 2012
Project("{2150E333-8FDC-42A3-9474-1A3956D46DE8}") = "Collateral", "Collateral", "{3BF66F76-B07B-4CCF-89B4-0D0CB9ABF1D4}"
	ProjectSection(SolutionItems) = preProject
		.gitignore = .gitignore
		README.md = README.md
	EndProjectSection
EndProject
Project("{FAE04EC0-301F-11D3-BF4B-00C04F79EFBC}") = "Ui.Wpf", "Ui.Wpf\Ui.Wpf.csproj", "{3709F442-8736-45DD-B720-E16FD85B1AD7}"
EndProject
Project("{2150E333-8FDC-42A3-9474-1A3956D46DE8}") = "Testing Projects", "Testing Projects", "{4AEBA042-0605-42B8-B331-513D22A8CE93}"
EndProject
Project("{262852C6-CD72-467D-83FE-5EEB1973A190}") = "SplitApp", "SplitApp\SplitApp.jsproj", "{59600944-9E88-49FE-8899-1E2F59627644}"
EndProject
Project("{262852C6-CD72-467D-83FE-5EEB1973A190}") = "GridApp", "GridApp\GridApp.jsproj", "{000DF226-C15E-417E-9B34-27DE52F99665}"
EndProject
Project("{262852C6-CD72-467D-83FE-5EEB1973A190}") = "Ui.Metro", "Ui.Metro\Ui.Metro.jsproj", "{3E8157AC-6CA7-46D7-BD45-E0BF14B6AC00}"
EndProject
Project("{262852C6-CD72-467D-83FE-5EEB1973A190}") = "Ui.Metro.Javascript", "Ui.Metro.Javascript\Ui.Metro.Javascript.jsproj", "{260D3087-8ADA-44B0-8B42-1A73322897AA}"
EndProject
Global
	GlobalSection(SolutionConfigurationPlatforms) = preSolution
		Debug|ARM = Debug|ARM
		Debug|Any CPU = Debug|Any CPU
		Debug|x64 = Debug|x64
		Debug|x86 = Debug|x86
		Release|ARM = Release|ARM
		Release|Any CPU = Release|Any CPU
		Release|x64 = Release|x64
		Release|x86 = Release|x86
	EndGlobalSection
	GlobalSection(ProjectConfigurationPlatforms) = postSolution
		{000DF226-C15E-417E-9B34-27DE52F99665}.Debug|ARM.ActiveCfg = Debug|ARM
		{000DF226-C15E-417E-9B34-27DE52F99665}.Debug|ARM.Build.0 = Debug|ARM
		{000DF226-C15E-417E-9B34-27DE52F99665}.Debug|ARM.Deploy.0 = Debug|ARM
		{000DF226-C15E-417E-9B34-27DE52F99665}.Debug|Any CPU.ActiveCfg = Debug|Any CPU
		{000DF226-C15E-417E-9B34-27DE52F99665}.Debug|Any CPU.Build.0 = Debug|Any CPU
		{000DF226-C15E-417E-9B34-27DE52F99665}.Debug|Any CPU.Deploy.0 = Debug|Any CPU
		{000DF226-C15E-417E-9B34-27DE52F99665}.Debug|x64.ActiveCfg = Debug|x64
		{000DF226-C15E-417E-9B34-27DE52F99665}.Debug|x64.Build.0 = Debug|x64
		{000DF226-C15E-417E-9B34-27DE52F99665}.Debug|x64.Deploy.0 = Debug|x64
		{000DF226-C15E-417E-9B34-27DE52F99665}.Debug|x86.ActiveCfg = Debug|x86
		{000DF226-C15E-417E-9B34-27DE52F99665}.Debug|x86.Build.0 = Debug|x86
		{000DF226-C15E-417E-9B34-27DE52F99665}.Debug|x86.Deploy.0 = Debug|x86
		{000DF226-C15E-417E-9B34-27DE52F99665}.Release|ARM.ActiveCfg = Release|ARM
		{000DF226-C15E-417E-9B34-27DE52F99665}.Release|ARM.Build.0 = Release|ARM
		{000DF226-C15E-417E-9B34-27DE52F99665}.Release|ARM.Deploy.0 = Release|ARM
		{000DF226-C15E-417E-9B34-27DE52F99665}.Release|Any CPU.ActiveCfg = Release|Any CPU
		{000DF226-C15E-417E-9B34-27DE52F99665}.Release|Any CPU.Build.0 = Release|Any CPU
		{000DF226-C15E-417E-9B34-27DE52F99665}.Release|Any CPU.Deploy.0 = Release|Any CPU
		{000DF226-C15E-417E-9B34-27DE52F99665}.Release|x64.ActiveCfg = Release|x64
		{000DF226-C15E-417E-9B34-27DE52F99665}.Release|x64.Build.0 = Release|x64
		{000DF226-C15E-417E-9B34-27DE52F99665}.Release|x64.Deploy.0 = Release|x64
		{000DF226-C15E-417E-9B34-27DE52F99665}.Release|x86.ActiveCfg = Release|x86
		{000DF226-C15E-417E-9B34-27DE52F99665}.Release|x86.Build.0 = Release|x86
		{000DF226-C15E-417E-9B34-27DE52F99665}.Release|x86.Deploy.0 = Release|x86
		{260D3087-8ADA-44B0-8B42-1A73322897AA}.Debug|ARM.ActiveCfg = Debug|ARM
		{260D3087-8ADA-44B0-8B42-1A73322897AA}.Debug|ARM.Build.0 = Debug|ARM
		{260D3087-8ADA-44B0-8B42-1A73322897AA}.Debug|ARM.Deploy.0 = Debug|ARM
		{260D3087-8ADA-44B0-8B42-1A73322897AA}.Debug|Any CPU.ActiveCfg = Debug|Any CPU
		{260D3087-8ADA-44B0-8B42-1A73322897AA}.Debug|Any CPU.Build.0 = Debug|Any CPU
		{260D3087-8ADA-44B0-8B42-1A73322897AA}.Debug|Any CPU.Deploy.0 = Debug|Any CPU
		{260D3087-8ADA-44B0-8B42-1A73322897AA}.Debug|x64.ActiveCfg = Debug|x64
		{260D3087-8ADA-44B0-8B42-1A73322897AA}.Debug|x64.Build.0 = Debug|x64
		{260D3087-8ADA-44B0-8B42-1A73322897AA}.Debug|x64.Deploy.0 = Debug|x64
		{260D3087-8ADA-44B0-8B42-1A73322897AA}.Debug|x86.ActiveCfg = Debug|x86
		{260D3087-8ADA-44B0-8B42-1A73322897AA}.Debug|x86.Build.0 = Debug|x86
		{260D3087-8ADA-44B0-8B42-1A73322897AA}.Debug|x86.Deploy.0 = Debug|x86
		{260D3087-8ADA-44B0-8B42-1A73322897AA}.Release|ARM.ActiveCfg = Release|ARM
		{260D3087-8ADA-44B0-8B42-1A73322897AA}.Release|ARM.Build.0 = Release|ARM
		{260D3087-8ADA-44B0-8B42-1A73322897AA}.Release|ARM.Deploy.0 = Release|ARM
		{260D3087-8ADA-44B0-8B42-1A73322897AA}.Release|Any CPU.ActiveCfg = Release|Any CPU
		{260D3087-8ADA-44B0-8B42-1A73322897AA}.Release|Any CPU.Build.0 = Release|Any CPU
		{260D3087-8ADA-44B0-8B42-1A73322897AA}.Release|Any CPU.Deploy.0 = Release|Any CPU
		{260D3087-8ADA-44B0-8B42-1A73322897AA}.Release|x64.ActiveCfg = Release|x64
		{260D3087-8ADA-44B0-8B42-1A73322897AA}.Release|x64.Build.0 = Release|x64
		{260D3087-8ADA-44B0-8B42-1A73322897AA}.Release|x64.Deploy.0 = Release|x64
		{260D3087-8ADA-44B0-8B42-1A73322897AA}.Release|x86.ActiveCfg = Release|x86
		{260D3087-8ADA-44B0-8B42-1A73322897AA}.Release|x86.Build.0 = Release|x86
		{260D3087-8ADA-44B0-8B42-1A73322897AA}.Release|x86.Deploy.0 = Release|x86
		{26CF4AFA-6DA8-4480-BA7E-951DDD576A23}.Debug|ARM.ActiveCfg = Debug|Any CPU
		{26CF4AFA-6DA8-4480-BA7E-951DDD576A23}.Debug|Any CPU.ActiveCfg = Debug|Any CPU
		{26CF4AFA-6DA8-4480-BA7E-951DDD576A23}.Debug|Any CPU.Build.0 = Debug|Any CPU
		{26CF4AFA-6DA8-4480-BA7E-951DDD576A23}.Debug|x64.ActiveCfg = Debug|Any CPU
		{26CF4AFA-6DA8-4480-BA7E-951DDD576A23}.Debug|x86.ActiveCfg = Debug|Any CPU
		{26CF4AFA-6DA8-4480-BA7E-951DDD576A23}.Release|ARM.ActiveCfg = Release|Any CPU
		{26CF4AFA-6DA8-4480-BA7E-951DDD576A23}.Release|Any CPU.ActiveCfg = Release|Any CPU
		{26CF4AFA-6DA8-4480-BA7E-951DDD576A23}.Release|Any CPU.Build.0 = Release|Any CPU
		{26CF4AFA-6DA8-4480-BA7E-951DDD576A23}.Release|x64.ActiveCfg = Release|Any CPU
		{26CF4AFA-6DA8-4480-BA7E-951DDD576A23}.Release|x86.ActiveCfg = Release|Any CPU
		{3709F442-8736-45DD-B720-E16FD85B1AD7}.Debug|ARM.ActiveCfg = Debug|Any CPU
		{3709F442-8736-45DD-B720-E16FD85B1AD7}.Debug|Any CPU.ActiveCfg = Debug|Any CPU
		{3709F442-8736-45DD-B720-E16FD85B1AD7}.Debug|Any CPU.Build.0 = Debug|Any CPU
		{3709F442-8736-45DD-B720-E16FD85B1AD7}.Debug|x64.ActiveCfg = Debug|Any CPU
		{3709F442-8736-45DD-B720-E16FD85B1AD7}.Debug|x86.ActiveCfg = Debug|Any CPU
		{3709F442-8736-45DD-B720-E16FD85B1AD7}.Release|ARM.ActiveCfg = Release|Any CPU
		{3709F442-8736-45DD-B720-E16FD85B1AD7}.Release|Any CPU.ActiveCfg = Release|Any CPU
		{3709F442-8736-45DD-B720-E16FD85B1AD7}.Release|Any CPU.Build.0 = Release|Any CPU
		{3709F442-8736-45DD-B720-E16FD85B1AD7}.Release|x64.ActiveCfg = Release|Any CPU
		{3709F442-8736-45DD-B720-E16FD85B1AD7}.Release|x86.ActiveCfg = Release|Any CPU
		{3E8157AC-6CA7-46D7-BD45-E0BF14B6AC00}.Debug|ARM.ActiveCfg = Debug|ARM
		{3E8157AC-6CA7-46D7-BD45-E0BF14B6AC00}.Debug|ARM.Build.0 = Debug|ARM
		{3E8157AC-6CA7-46D7-BD45-E0BF14B6AC00}.Debug|ARM.Deploy.0 = Debug|ARM
		{3E8157AC-6CA7-46D7-BD45-E0BF14B6AC00}.Debug|Any CPU.ActiveCfg = Debug|Any CPU
		{3E8157AC-6CA7-46D7-BD45-E0BF14B6AC00}.Debug|Any CPU.Build.0 = Debug|Any CPU
		{3E8157AC-6CA7-46D7-BD45-E0BF14B6AC00}.Debug|Any CPU.Deploy.0 = Debug|Any CPU
		{3E8157AC-6CA7-46D7-BD45-E0BF14B6AC00}.Debug|x64.ActiveCfg = Debug|x64
		{3E8157AC-6CA7-46D7-BD45-E0BF14B6AC00}.Debug|x64.Build.0 = Debug|x64
		{3E8157AC-6CA7-46D7-BD45-E0BF14B6AC00}.Debug|x64.Deploy.0 = Debug|x64
		{3E8157AC-6CA7-46D7-BD45-E0BF14B6AC00}.Debug|x86.ActiveCfg = Debug|x86
		{3E8157AC-6CA7-46D7-BD45-E0BF14B6AC00}.Debug|x86.Build.0 = Debug|x86
		{3E8157AC-6CA7-46D7-BD45-E0BF14B6AC00}.Debug|x86.Deploy.0 = Debug|x86
		{3E8157AC-6CA7-46D7-BD45-E0BF14B6AC00}.Release|ARM.ActiveCfg = Release|ARM
		{3E8157AC-6CA7-46D7-BD45-E0BF14B6AC00}.Release|ARM.Build.0 = Release|ARM
		{3E8157AC-6CA7-46D7-BD45-E0BF14B6AC00}.Release|ARM.Deploy.0 = Release|ARM
		{3E8157AC-6CA7-46D7-BD45-E0BF14B6AC00}.Release|Any CPU.ActiveCfg = Release|Any CPU
		{3E8157AC-6CA7-46D7-BD45-E0BF14B6AC00}.Release|Any CPU.Build.0 = Release|Any CPU
		{3E8157AC-6CA7-46D7-BD45-E0BF14B6AC00}.Release|Any CPU.Deploy.0 = Release|Any CPU
		{3E8157AC-6CA7-46D7-BD45-E0BF14B6AC00}.Release|x64.ActiveCfg = Release|x64
		{3E8157AC-6CA7-46D7-BD45-E0BF14B6AC00}.Release|x64.Build.0 = Release|x64
		{3E8157AC-6CA7-46D7-BD45-E0BF14B6AC00}.Release|x64.Deploy.0 = Release|x64
		{3E8157AC-6CA7-46D7-BD45-E0BF14B6AC00}.Release|x86.ActiveCfg = Release|x86
		{3E8157AC-6CA7-46D7-BD45-E0BF14B6AC00}.Release|x86.Build.0 = Release|x86
		{3E8157AC-6CA7-46D7-BD45-E0BF14B6AC00}.Release|x86.Deploy.0 = Release|x86
		{59600944-9E88-49FE-8899-1E2F59627644}.Debug|ARM.ActiveCfg = Debug|ARM
		{59600944-9E88-49FE-8899-1E2F59627644}.Debug|ARM.Build.0 = Debug|ARM
		{59600944-9E88-49FE-8899-1E2F59627644}.Debug|ARM.Deploy.0 = Debug|ARM
		{59600944-9E88-49FE-8899-1E2F59627644}.Debug|Any CPU.ActiveCfg = Debug|Any CPU
		{59600944-9E88-49FE-8899-1E2F59627644}.Debug|Any CPU.Build.0 = Debug|Any CPU
		{59600944-9E88-49FE-8899-1E2F59627644}.Debug|Any CPU.Deploy.0 = Debug|Any CPU
		{59600944-9E88-49FE-8899-1E2F59627644}.Debug|x64.ActiveCfg = Debug|x64
		{59600944-9E88-49FE-8899-1E2F59627644}.Debug|x64.Build.0 = Debug|x64
		{59600944-9E88-49FE-8899-1E2F59627644}.Debug|x64.Deploy.0 = Debug|x64
		{59600944-9E88-49FE-8899-1E2F59627644}.Debug|x86.ActiveCfg = Debug|x86
		{59600944-9E88-49FE-8899-1E2F59627644}.Debug|x86.Build.0 = Debug|x86
		{59600944-9E88-49FE-8899-1E2F59627644}.Debug|x86.Deploy.0 = Debug|x86
		{59600944-9E88-49FE-8899-1E2F59627644}.Release|ARM.ActiveCfg = Release|ARM
		{59600944-9E88-49FE-8899-1E2F59627644}.Release|ARM.Build.0 = Release|ARM
		{59600944-9E88-49FE-8899-1E2F59627644}.Release|ARM.Deploy.0 = Release|ARM
		{59600944-9E88-49FE-8899-1E2F59627644}.Release|Any CPU.ActiveCfg = Release|Any CPU
		{59600944-9E88-49FE-8899-1E2F59627644}.Release|Any CPU.Build.0 = Release|Any CPU
		{59600944-9E88-49FE-8899-1E2F59627644}.Release|Any CPU.Deploy.0 = Release|Any CPU
		{59600944-9E88-49FE-8899-1E2F59627644}.Release|x64.ActiveCfg = Release|x64
		{59600944-9E88-49FE-8899-1E2F59627644}.Release|x64.Build.0 = Release|x64
		{59600944-9E88-49FE-8899-1E2F59627644}.Release|x64.Deploy.0 = Release|x64
		{59600944-9E88-49FE-8899-1E2F59627644}.Release|x86.ActiveCfg = Release|x86
		{59600944-9E88-49FE-8899-1E2F59627644}.Release|x86.Build.0 = Release|x86
		{59600944-9E88-49FE-8899-1E2F59627644}.Release|x86.Deploy.0 = Release|x86
		{69442836-40AD-42F5-A5D6-1A73028B0DF9}.Debug|ARM.ActiveCfg = Debug|ARM
		{69442836-40AD-42F5-A5D6-1A73028B0DF9}.Debug|ARM.Build.0 = Debug|ARM
		{69442836-40AD-42F5-A5D6-1A73028B0DF9}.Debug|ARM.Deploy.0 = Debug|ARM
		{69442836-40AD-42F5-A5D6-1A73028B0DF9}.Debug|Any CPU.ActiveCfg = Debug|Any CPU
		{69442836-40AD-42F5-A5D6-1A73028B0DF9}.Debug|Any CPU.Build.0 = Debug|Any CPU
		{69442836-40AD-42F5-A5D6-1A73028B0DF9}.Debug|Any CPU.Deploy.0 = Debug|Any CPU
		{69442836-40AD-42F5-A5D6-1A73028B0DF9}.Debug|x64.ActiveCfg = Debug|x64
		{69442836-40AD-42F5-A5D6-1A73028B0DF9}.Debug|x64.Build.0 = Debug|x64
		{69442836-40AD-42F5-A5D6-1A73028B0DF9}.Debug|x64.Deploy.0 = Debug|x64
		{69442836-40AD-42F5-A5D6-1A73028B0DF9}.Debug|x86.ActiveCfg = Debug|x86
		{69442836-40AD-42F5-A5D6-1A73028B0DF9}.Debug|x86.Build.0 = Debug|x86
		{69442836-40AD-42F5-A5D6-1A73028B0DF9}.Debug|x86.Deploy.0 = Debug|x86
		{69442836-40AD-42F5-A5D6-1A73028B0DF9}.Release|ARM.ActiveCfg = Release|ARM
		{69442836-40AD-42F5-A5D6-1A73028B0DF9}.Release|ARM.Build.0 = Release|ARM
		{69442836-40AD-42F5-A5D6-1A73028B0DF9}.Release|ARM.Deploy.0 = Release|ARM
		{69442836-40AD-42F5-A5D6-1A73028B0DF9}.Release|Any CPU.ActiveCfg = Release|Any CPU
		{69442836-40AD-42F5-A5D6-1A73028B0DF9}.Release|Any CPU.Build.0 = Release|Any CPU
		{69442836-40AD-42F5-A5D6-1A73028B0DF9}.Release|Any CPU.Deploy.0 = Release|Any CPU
		{69442836-40AD-42F5-A5D6-1A73028B0DF9}.Release|x64.ActiveCfg = Release|x64
		{69442836-40AD-42F5-A5D6-1A73028B0DF9}.Release|x64.Build.0 = Release|x64
		{69442836-40AD-42F5-A5D6-1A73028B0DF9}.Release|x64.Deploy.0 = Release|x64
		{69442836-40AD-42F5-A5D6-1A73028B0DF9}.Release|x86.ActiveCfg = Release|x86
		{69442836-40AD-42F5-A5D6-1A73028B0DF9}.Release|x86.Build.0 = Release|x86
		{69442836-40AD-42F5-A5D6-1A73028B0DF9}.Release|x86.Deploy.0 = Release|x86
		{7E5B054D-6994-4D33-952F-541604374733}.Debug|ARM.ActiveCfg = Debug|ARM
		{7E5B054D-6994-4D33-952F-541604374733}.Debug|ARM.Build.0 = Debug|ARM
		{7E5B054D-6994-4D33-952F-541604374733}.Debug|ARM.Deploy.0 = Debug|ARM
		{7E5B054D-6994-4D33-952F-541604374733}.Debug|Any CPU.ActiveCfg = Debug|Any CPU
		{7E5B054D-6994-4D33-952F-541604374733}.Debug|Any CPU.Build.0 = Debug|Any CPU
		{7E5B054D-6994-4D33-952F-541604374733}.Debug|Any CPU.Deploy.0 = Debug|Any CPU
		{7E5B054D-6994-4D33-952F-541604374733}.Debug|x64.ActiveCfg = Debug|x64
		{7E5B054D-6994-4D33-952F-541604374733}.Debug|x64.Build.0 = Debug|x64
		{7E5B054D-6994-4D33-952F-541604374733}.Debug|x64.Deploy.0 = Debug|x64
		{7E5B054D-6994-4D33-952F-541604374733}.Debug|x86.ActiveCfg = Debug|x86
		{7E5B054D-6994-4D33-952F-541604374733}.Debug|x86.Build.0 = Debug|x86
		{7E5B054D-6994-4D33-952F-541604374733}.Debug|x86.Deploy.0 = Debug|x86
		{7E5B054D-6994-4D33-952F-541604374733}.Release|ARM.ActiveCfg = Release|ARM
		{7E5B054D-6994-4D33-952F-541604374733}.Release|ARM.Build.0 = Release|ARM
		{7E5B054D-6994-4D33-952F-541604374733}.Release|ARM.Deploy.0 = Release|ARM
		{7E5B054D-6994-4D33-952F-541604374733}.Release|Any CPU.ActiveCfg = Release|Any CPU
		{7E5B054D-6994-4D33-952F-541604374733}.Release|Any CPU.Build.0 = Release|Any CPU
		{7E5B054D-6994-4D33-952F-541604374733}.Release|Any CPU.Deploy.0 = Release|Any CPU
		{7E5B054D-6994-4D33-952F-541604374733}.Release|x64.ActiveCfg = Release|x64
		{7E5B054D-6994-4D33-952F-541604374733}.Release|x64.Build.0 = Release|x64
		{7E5B054D-6994-4D33-952F-541604374733}.Release|x64.Deploy.0 = Release|x64
		{7E5B054D-6994-4D33-952F-541604374733}.Release|x86.ActiveCfg = Release|x86
		{7E5B054D-6994-4D33-952F-541604374733}.Release|x86.Build.0 = Release|x86
		{7E5B054D-6994-4D33-952F-541604374733}.Release|x86.Deploy.0 = Release|x86
		{B6BE5816-02C0-4BC0-9A04-7D57BDD9F424}.Debug|ARM.ActiveCfg = Debug|ARM
		{B6BE5816-02C0-4BC0-9A04-7D57BDD9F424}.Debug|ARM.Build.0 = Debug|ARM
		{B6BE5816-02C0-4BC0-9A04-7D57BDD9F424}.Debug|ARM.Deploy.0 = Debug|ARM
		{B6BE5816-02C0-4BC0-9A04-7D57BDD9F424}.Debug|Any CPU.ActiveCfg = Debug|Any CPU
		{B6BE5816-02C0-4BC0-9A04-7D57BDD9F424}.Debug|Any CPU.Build.0 = Debug|Any CPU
		{B6BE5816-02C0-4BC0-9A04-7D57BDD9F424}.Debug|Any CPU.Deploy.0 = Debug|Any CPU
		{B6BE5816-02C0-4BC0-9A04-7D57BDD9F424}.Debug|x64.ActiveCfg = Debug|x64
		{B6BE5816-02C0-4BC0-9A04-7D57BDD9F424}.Debug|x64.Build.0 = Debug|x64
		{B6BE5816-02C0-4BC0-9A04-7D57BDD9F424}.Debug|x64.Deploy.0 = Debug|x64
		{B6BE5816-02C0-4BC0-9A04-7D57BDD9F424}.Debug|x86.ActiveCfg = Debug|x86
		{B6BE5816-02C0-4BC0-9A04-7D57BDD9F424}.Debug|x86.Build.0 = Debug|x86
		{B6BE5816-02C0-4BC0-9A04-7D57BDD9F424}.Debug|x86.Deploy.0 = Debug|x86
		{B6BE5816-02C0-4BC0-9A04-7D57BDD9F424}.Release|ARM.ActiveCfg = Release|ARM
		{B6BE5816-02C0-4BC0-9A04-7D57BDD9F424}.Release|ARM.Build.0 = Release|ARM
		{B6BE5816-02C0-4BC0-9A04-7D57BDD9F424}.Release|ARM.Deploy.0 = Release|ARM
		{B6BE5816-02C0-4BC0-9A04-7D57BDD9F424}.Release|Any CPU.ActiveCfg = Release|Any CPU
		{B6BE5816-02C0-4BC0-9A04-7D57BDD9F424}.Release|Any CPU.Build.0 = Release|Any CPU
		{B6BE5816-02C0-4BC0-9A04-7D57BDD9F424}.Release|Any CPU.Deploy.0 = Release|Any CPU
		{B6BE5816-02C0-4BC0-9A04-7D57BDD9F424}.Release|x64.ActiveCfg = Release|x64
		{B6BE5816-02C0-4BC0-9A04-7D57BDD9F424}.Release|x64.Build.0 = Release|x64
		{B6BE5816-02C0-4BC0-9A04-7D57BDD9F424}.Release|x64.Deploy.0 = Release|x64
		{B6BE5816-02C0-4BC0-9A04-7D57BDD9F424}.Release|x86.ActiveCfg = Release|x86
		{B6BE5816-02C0-4BC0-9A04-7D57BDD9F424}.Release|x86.Build.0 = Release|x86
		{B6BE5816-02C0-4BC0-9A04-7D57BDD9F424}.Release|x86.Deploy.0 = Release|x86
	EndGlobalSection
	GlobalSection(SolutionProperties) = preSolution
		HideSolutionNode = FALSE
	EndGlobalSection
	GlobalSection(NestedProjects) = preSolution
		{000DF226-C15E-417E-9B34-27DE52F99665} = {4AEBA042-0605-42B8-B331-513D22A8CE93}
		{59600944-9E88-49FE-8899-1E2F59627644} = {4AEBA042-0605-42B8-B331-513D22A8CE93}
	EndGlobalSection
EndGlobal
